
Microsoft Visual Studio Solution File, Format Version 12.00
# Visual Studio Version 16
VisualStudioVersion = 16.0.31829.152
MinimumVisualStudioVersion = 10.0.40219.1
Project("{FAE04EC0-301F-11D3-BF4B-00C04F79EFBC}") = "MCD_WindowsFormInceleme", "MCD_WindowsFormInceleme\MCD_WindowsFormInceleme.csproj", "{89B8BCAE-7A86-400C-922C-5D8E969280A2}"
EndProject
Global
	GlobalSection(SolutionConfigurationPlatforms) = preSolution
		Debug|Any CPU = Debug|Any CPU
		Release|Any CPU = Release|Any CPU
	EndGlobalSection
	GlobalSection(ProjectConfigurationPlatforms) = postSolution
		{89B8BCAE-7A86-400C-922C-5D8E969280A2}.Debug|Any CPU.ActiveCfg = Debug|Any CPU
		{89B8BCAE-7A86-400C-922C-5D8E969280A2}.Debug|Any CPU.Build.0 = Debug|Any CPU
		{89B8BCAE-7A86-400C-922C-5D8E969280A2}.Release|Any CPU.ActiveCfg = Release|Any CPU
		{89B8BCAE-7A86-400C-922C-5D8E969280A2}.Release|Any CPU.Build.0 = Release|Any CPU
	EndGlobalSection
	GlobalSection(SolutionProperties) = preSolution
		HideSolutionNode = FALSE
	EndGlobalSection
	GlobalSection(ExtensibilityGlobals) = postSolution
		SolutionGuid = {B92147FD-963E-4146-9D03-61D6C17C33FE}
	EndGlobalSection
EndGlobal
